
Microsoft Visual Studio Solution File, Format Version 12.00
# Visual Studio Version 17
VisualStudioVersion = 17.14.36414.22 d17.14
MinimumVisualStudioVersion = 10.0.40219.1
Project("{FAE04EC0-301F-11D3-BF4B-00C04F79EFBC}") = "B2", "B2\B2.csproj", "{7CECE25A-4447-472F-A3F2-7320686E1CBF}"
EndProject
Global
	GlobalSection(SolutionConfigurationPlatforms) = preSolution
		Debug|Any CPU = Debug|Any CPU
		Release|Any CPU = Release|Any CPU
	EndGlobalSection
	GlobalSection(ProjectConfigurationPlatforms) = postSolution
		{7CECE25A-4447-472F-A3F2-7320686E1CBF}.Debug|Any CPU.ActiveCfg = Debug|Any CPU
		{7CECE25A-4447-472F-A3F2-7320686E1CBF}.Debug|Any CPU.Build.0 = Debug|Any CPU
		{7CECE25A-4447-472F-A3F2-7320686E1CBF}.Release|Any CPU.ActiveCfg = Release|Any CPU
		{7CECE25A-4447-472F-A3F2-7320686E1CBF}.Release|Any CPU.Build.0 = Release|Any CPU
	EndGlobalSection
	GlobalSection(SolutionProperties) = preSolution
		HideSolutionNode = FALSE
	EndGlobalSection
	GlobalSection(ExtensibilityGlobals) = postSolution
		SolutionGuid = {2D2AF505-8D04-4237-8EB6-243CEDB7F1F1}
	EndGlobalSection
EndGlobal
